
Microsoft Visual Studio Solution File, Format Version 12.00
# Visual Studio Version 17
VisualStudioVersion = 17.12.35514.174
MinimumVisualStudioVersion = 10.0.40219.1
Project("{2150E333-8FDC-42A3-9474-1A3956D46DE8}") = "backend", "backend", "{4C5D67B1-1119-4CEF-8523-BDFFF88AB5D4}"
	ProjectSection(SolutionItems) = preProject
		docker-compose.yml = docker-compose.yml
	EndProjectSection
EndProject
Project("{FAE04EC0-301F-11D3-BF4B-00C04F79EFBC}") = "Account.API", "Account.API\Account.API.csproj", "{FC3C8109-0F22-42AF-A7D0-B442C000A420}"
EndProject
Project("{FAE04EC0-301F-11D3-BF4B-00C04F79EFBC}") = "Account.BL", "Account.BL\Account.BL.csproj", "{49429F19-5936-43AF-8AAA-CE2690EA4197}"
EndProject
Project("{FAE04EC0-301F-11D3-BF4B-00C04F79EFBC}") = "Account.DAL", "Account.DAL\Account.DAL.csproj", "{2F38367A-06A0-4DE9-860C-17E82A4F06B2}"
EndProject
Project("{FAE04EC0-301F-11D3-BF4B-00C04F79EFBC}") = "Common", "Common\Common.csproj", "{AB01C967-4570-48CF-AC70-A654865B7B9F}"
EndProject
Project("{FAE04EC0-301F-11D3-BF4B-00C04F79EFBC}") = "Core.API", "Core.API\Core.API.csproj", "{F4A351BF-9D39-4ED7-8C9D-45F46D43209A}"
EndProject
Project("{FAE04EC0-301F-11D3-BF4B-00C04F79EFBC}") = "Core.BL", "Core.BL\Core.BL.csproj", "{26670B2C-7AF5-4DE4-9097-DA7728734D8B}"
EndProject
Project("{FAE04EC0-301F-11D3-BF4B-00C04F79EFBC}") = "Core.DAL", "Core.DAL\Core.DAL.csproj", "{082B18BF-6CFA-4A79-980D-C0D1AE6AD994}"
EndProject
Project("{FAE04EC0-301F-11D3-BF4B-00C04F79EFBC}") = "Core.Common", "Core.Common\Core.Common.csproj", "{17DC0D90-06B8-41EC-AE0D-AE07DD37B9A0}"
Project("{FAE04EC0-301F-11D3-BF4B-00C04F79EFBC}") = "Loan.API", "Loan.API\Loan.API.csproj", "{D168A62A-5B54-4939-ABDA-F9AF29BF6ABE}"
EndProject
Project("{FAE04EC0-301F-11D3-BF4B-00C04F79EFBC}") = "Loan.BL", "Loan.BL\Loan.BL.csproj", "{6CD01406-7452-4A66-9DE0-F271813B3055}"
EndProject
Project("{FAE04EC0-301F-11D3-BF4B-00C04F79EFBC}") = "Loan.DAL", "Loan.DAL\Loan.DAL.csproj", "{00B7C654-216F-4B72-8A67-C667EF26E0A6}"
EndProject
Global
	GlobalSection(SolutionConfigurationPlatforms) = preSolution
		Debug|Any CPU = Debug|Any CPU
		Release|Any CPU = Release|Any CPU
	EndGlobalSection
	GlobalSection(ProjectConfigurationPlatforms) = postSolution
		{FC3C8109-0F22-42AF-A7D0-B442C000A420}.Debug|Any CPU.ActiveCfg = Debug|Any CPU
		{FC3C8109-0F22-42AF-A7D0-B442C000A420}.Debug|Any CPU.Build.0 = Debug|Any CPU
		{FC3C8109-0F22-42AF-A7D0-B442C000A420}.Release|Any CPU.ActiveCfg = Release|Any CPU
		{FC3C8109-0F22-42AF-A7D0-B442C000A420}.Release|Any CPU.Build.0 = Release|Any CPU
		{49429F19-5936-43AF-8AAA-CE2690EA4197}.Debug|Any CPU.ActiveCfg = Debug|Any CPU
		{49429F19-5936-43AF-8AAA-CE2690EA4197}.Debug|Any CPU.Build.0 = Debug|Any CPU
		{49429F19-5936-43AF-8AAA-CE2690EA4197}.Release|Any CPU.ActiveCfg = Release|Any CPU
		{49429F19-5936-43AF-8AAA-CE2690EA4197}.Release|Any CPU.Build.0 = Release|Any CPU
		{2F38367A-06A0-4DE9-860C-17E82A4F06B2}.Debug|Any CPU.ActiveCfg = Debug|Any CPU
		{2F38367A-06A0-4DE9-860C-17E82A4F06B2}.Debug|Any CPU.Build.0 = Debug|Any CPU
		{2F38367A-06A0-4DE9-860C-17E82A4F06B2}.Release|Any CPU.ActiveCfg = Release|Any CPU
		{2F38367A-06A0-4DE9-860C-17E82A4F06B2}.Release|Any CPU.Build.0 = Release|Any CPU
		{AB01C967-4570-48CF-AC70-A654865B7B9F}.Debug|Any CPU.ActiveCfg = Debug|Any CPU
		{AB01C967-4570-48CF-AC70-A654865B7B9F}.Debug|Any CPU.Build.0 = Debug|Any CPU
		{AB01C967-4570-48CF-AC70-A654865B7B9F}.Release|Any CPU.ActiveCfg = Release|Any CPU
		{AB01C967-4570-48CF-AC70-A654865B7B9F}.Release|Any CPU.Build.0 = Release|Any CPU
		{F4A351BF-9D39-4ED7-8C9D-45F46D43209A}.Debug|Any CPU.ActiveCfg = Debug|Any CPU
		{F4A351BF-9D39-4ED7-8C9D-45F46D43209A}.Debug|Any CPU.Build.0 = Debug|Any CPU
		{F4A351BF-9D39-4ED7-8C9D-45F46D43209A}.Release|Any CPU.ActiveCfg = Release|Any CPU
		{F4A351BF-9D39-4ED7-8C9D-45F46D43209A}.Release|Any CPU.Build.0 = Release|Any CPU
		{26670B2C-7AF5-4DE4-9097-DA7728734D8B}.Debug|Any CPU.ActiveCfg = Debug|Any CPU
		{26670B2C-7AF5-4DE4-9097-DA7728734D8B}.Debug|Any CPU.Build.0 = Debug|Any CPU
		{26670B2C-7AF5-4DE4-9097-DA7728734D8B}.Release|Any CPU.ActiveCfg = Release|Any CPU
		{26670B2C-7AF5-4DE4-9097-DA7728734D8B}.Release|Any CPU.Build.0 = Release|Any CPU
		{082B18BF-6CFA-4A79-980D-C0D1AE6AD994}.Debug|Any CPU.ActiveCfg = Debug|Any CPU
		{082B18BF-6CFA-4A79-980D-C0D1AE6AD994}.Debug|Any CPU.Build.0 = Debug|Any CPU
		{082B18BF-6CFA-4A79-980D-C0D1AE6AD994}.Release|Any CPU.ActiveCfg = Release|Any CPU
		{082B18BF-6CFA-4A79-980D-C0D1AE6AD994}.Release|Any CPU.Build.0 = Release|Any CPU
		{17DC0D90-06B8-41EC-AE0D-AE07DD37B9A0}.Debug|Any CPU.ActiveCfg = Debug|Any CPU
		{17DC0D90-06B8-41EC-AE0D-AE07DD37B9A0}.Debug|Any CPU.Build.0 = Debug|Any CPU
		{17DC0D90-06B8-41EC-AE0D-AE07DD37B9A0}.Release|Any CPU.ActiveCfg = Release|Any CPU
		{17DC0D90-06B8-41EC-AE0D-AE07DD37B9A0}.Release|Any CPU.Build.0 = Release|Any CPU
		{D168A62A-5B54-4939-ABDA-F9AF29BF6ABE}.Debug|Any CPU.ActiveCfg = Debug|Any CPU
		{D168A62A-5B54-4939-ABDA-F9AF29BF6ABE}.Debug|Any CPU.Build.0 = Debug|Any CPU
		{D168A62A-5B54-4939-ABDA-F9AF29BF6ABE}.Release|Any CPU.ActiveCfg = Release|Any CPU
		{D168A62A-5B54-4939-ABDA-F9AF29BF6ABE}.Release|Any CPU.Build.0 = Release|Any CPU
		{6CD01406-7452-4A66-9DE0-F271813B3055}.Debug|Any CPU.ActiveCfg = Debug|Any CPU
		{6CD01406-7452-4A66-9DE0-F271813B3055}.Debug|Any CPU.Build.0 = Debug|Any CPU
		{6CD01406-7452-4A66-9DE0-F271813B3055}.Release|Any CPU.ActiveCfg = Release|Any CPU
		{6CD01406-7452-4A66-9DE0-F271813B3055}.Release|Any CPU.Build.0 = Release|Any CPU
		{00B7C654-216F-4B72-8A67-C667EF26E0A6}.Debug|Any CPU.ActiveCfg = Debug|Any CPU
		{00B7C654-216F-4B72-8A67-C667EF26E0A6}.Debug|Any CPU.Build.0 = Debug|Any CPU
		{00B7C654-216F-4B72-8A67-C667EF26E0A6}.Release|Any CPU.ActiveCfg = Release|Any CPU
		{00B7C654-216F-4B72-8A67-C667EF26E0A6}.Release|Any CPU.Build.0 = Release|Any CPU
	EndGlobalSection
	GlobalSection(SolutionProperties) = preSolution
		HideSolutionNode = FALSE
	EndGlobalSection
	GlobalSection(NestedProjects) = preSolution
		{FC3C8109-0F22-42AF-A7D0-B442C000A420} = {4C5D67B1-1119-4CEF-8523-BDFFF88AB5D4}
		{49429F19-5936-43AF-8AAA-CE2690EA4197} = {4C5D67B1-1119-4CEF-8523-BDFFF88AB5D4}
		{2F38367A-06A0-4DE9-860C-17E82A4F06B2} = {4C5D67B1-1119-4CEF-8523-BDFFF88AB5D4}
		{AB01C967-4570-48CF-AC70-A654865B7B9F} = {4C5D67B1-1119-4CEF-8523-BDFFF88AB5D4}
		{F4A351BF-9D39-4ED7-8C9D-45F46D43209A} = {4C5D67B1-1119-4CEF-8523-BDFFF88AB5D4}
		{26670B2C-7AF5-4DE4-9097-DA7728734D8B} = {4C5D67B1-1119-4CEF-8523-BDFFF88AB5D4}
		{082B18BF-6CFA-4A79-980D-C0D1AE6AD994} = {4C5D67B1-1119-4CEF-8523-BDFFF88AB5D4}
		{17DC0D90-06B8-41EC-AE0D-AE07DD37B9A0} = {4C5D67B1-1119-4CEF-8523-BDFFF88AB5D4}
	EndGlobalSection
	GlobalSection(ExtensibilityGlobals) = postSolution
		SolutionGuid = {951458B4-6B28-4A61-BA16-AEF24E9A000A}
		{D168A62A-5B54-4939-ABDA-F9AF29BF6ABE} = {4C5D67B1-1119-4CEF-8523-BDFFF88AB5D4}
		{6CD01406-7452-4A66-9DE0-F271813B3055} = {4C5D67B1-1119-4CEF-8523-BDFFF88AB5D4}
		{00B7C654-216F-4B72-8A67-C667EF26E0A6} = {4C5D67B1-1119-4CEF-8523-BDFFF88AB5D4}
	EndGlobalSection
EndGlobal
